// !$*UTF8*$!
{
	archiveVersion = 1;
	classes = {
	};
	objectVersion = 46;
	objects = {

/* Begin PBXBuildFile section */
		7BE576F419A4F40000EACE31 /* Foundation.framework in Frameworks */ = {isa = PBXBuildFile; fileRef = 7BE576F319A4F40000EACE31 /* Foundation.framework */; };
		7BE576F619A4F40000EACE31 /* CoreGraphics.framework in Frameworks */ = {isa = PBXBuildFile; fileRef = 7BE576F519A4F40000EACE31 /* CoreGraphics.framework */; };
		7BE576F819A4F40000EACE31 /* UIKit.framework in Frameworks */ = {isa = PBXBuildFile; fileRef = 7BE576F719A4F40000EACE31 /* UIKit.framework */; };
		7BE576FE19A4F40000EACE31 /* InfoPlist.strings in Resources */ = {isa = PBXBuildFile; fileRef = 7BE576FC19A4F40000EACE31 /* InfoPlist.strings */; };
		7BE5770019A4F40000EACE31 /* main.m in Sources */ = {isa = PBXBuildFile; fileRef = 7BE576FF19A4F40000EACE31 /* main.m */; };
		7BE5770419A4F40000EACE31 /* STAppDelegate.m in Sources */ = {isa = PBXBuildFile; fileRef = 7BE5770319A4F40000EACE31 /* STAppDelegate.m */; };
		7BE5770719A4F40000EACE31 /* Main.storyboard in Resources */ = {isa = PBXBuildFile; fileRef = 7BE5770519A4F40000EACE31 /* Main.storyboard */; };
		7BE5770A19A4F40000EACE31 /* STViewController.m in Sources */ = {isa = PBXBuildFile; fileRef = 7BE5770919A4F40000EACE31 /* STViewController.m */; };
		7BE5770C19A4F40000EACE31 /* Images.xcassets in Resources */ = {isa = PBXBuildFile; fileRef = 7BE5770B19A4F40000EACE31 /* Images.xcassets */; };
		7BE5771319A4F40000EACE31 /* XCTest.framework in Frameworks */ = {isa = PBXBuildFile; fileRef = 7BE5771219A4F40000EACE31 /* XCTest.framework */; };
		7BE5771419A4F40000EACE31 /* Foundation.framework in Frameworks */ = {isa = PBXBuildFile; fileRef = 7BE576F319A4F40000EACE31 /* Foundation.framework */; };
		7BE5771519A4F40000EACE31 /* UIKit.framework in Frameworks */ = {isa = PBXBuildFile; fileRef = 7BE576F719A4F40000EACE31 /* UIKit.framework */; };
		7BE5771D19A4F40000EACE31 /* InfoPlist.strings in Resources */ = {isa = PBXBuildFile; fileRef = 7BE5771B19A4F40000EACE31 /* InfoPlist.strings */; };
		7BE5771F19A4F40000EACE31 /* SaveTrackTests.m in Sources */ = {isa = PBXBuildFile; fileRef = 7BE5771E19A4F40000EACE31 /* SaveTrackTests.m */; };
/* End PBXBuildFile section */

/* Begin PBXContainerItemProxy section */
		7BE5771619A4F40000EACE31 /* PBXContainerItemProxy */ = {
			isa = PBXContainerItemProxy;
			containerPortal = 7BE576E819A4F40000EACE31 /* Project object */;
			proxyType = 1;
			remoteGlobalIDString = 7BE576EF19A4F40000EACE31;
			remoteInfo = SaveTrack;
		};
/* End PBXContainerItemProxy section */

/* Begin PBXFileReference section */
		7BE576F019A4F40000EACE31 /* SaveTrack.app */ = {isa = PBXFileReference; explicitFileType = wrapper.application; includeInIndex = 0; path = SaveTrack.app; sourceTree = BUILT_PRODUCTS_DIR; };
		7BE576F319A4F40000EACE31 /* Foundation.framework */ = {isa = PBXFileReference; lastKnownFileType = wrapper.framework; name = Foundation.framework; path = System/Library/Frameworks/Foundation.framework; sourceTree = SDKROOT; };
		7BE576F519A4F40000EACE31 /* CoreGraphics.framework */ = {isa = PBXFileReference; lastKnownFileType = wrapper.framework; name = CoreGraphics.framework; path = System/Library/Frameworks/CoreGraphics.framework; sourceTree = SDKROOT; };
		7BE576F719A4F40000EACE31 /* UIKit.framework */ = {isa = PBXFileReference; lastKnownFileType = wrapper.framework; name = UIKit.framework; path = System/Library/Frameworks/UIKit.framework; sourceTree = SDKROOT; };
		7BE576FB19A4F40000EACE31 /* SaveTrack-Info.plist */ = {isa = PBXFileReference; lastKnownFileType = text.plist.xml; path = "SaveTrack-Info.plist"; sourceTree = "<group>"; };
		7BE576FD19A4F40000EACE31 /* en */ = {isa = PBXFileReference; lastKnownFileType = text.plist.strings; name = en; path = en.lproj/InfoPlist.strings; sourceTree = "<group>"; };
		7BE576FF19A4F40000EACE31 /* main.m */ = {isa = PBXFileReference; lastKnownFileType = sourcecode.c.objc; path = main.m; sourceTree = "<group>"; };
		7BE5770119A4F40000EACE31 /* SaveTrack-Prefix.pch */ = {isa = PBXFileReference; lastKnownFileType = sourcecode.c.h; path = "SaveTrack-Prefix.pch"; sourceTree = "<group>"; };
		7BE5770219A4F40000EACE31 /* STAppDelegate.h */ = {isa = PBXFileReference; lastKnownFileType = sourcecode.c.h; path = STAppDelegate.h; sourceTree = "<group>"; };
		7BE5770319A4F40000EACE31 /* STAppDelegate.m */ = {isa = PBXFileReference; lastKnownFileType = sourcecode.c.objc; path = STAppDelegate.m; sourceTree = "<group>"; };
		7BE5770619A4F40000EACE31 /* Base */ = {isa = PBXFileReference; lastKnownFileType = file.storyboard; name = Base; path = Base.lproj/Main.storyboard; sourceTree = "<group>"; };
		7BE5770819A4F40000EACE31 /* STViewController.h */ = {isa = PBXFileReference; lastKnownFileType = sourcecode.c.h; path = STViewController.h; sourceTree = "<group>"; };
		7BE5770919A4F40000EACE31 /* STViewController.m */ = {isa = PBXFileReference; lastKnownFileType = sourcecode.c.objc; path = STViewController.m; sourceTree = "<group>"; };
		7BE5770B19A4F40000EACE31 /* Images.xcassets */ = {isa = PBXFileReference; lastKnownFileType = folder.assetcatalog; path = Images.xcassets; sourceTree = "<group>"; };
		7BE5771119A4F40000EACE31 /* SaveTrackTests.xctest */ = {isa = PBXFileReference; explicitFileType = wrapper.cfbundle; includeInIndex = 0; path = SaveTrackTests.xctest; sourceTree = BUILT_PRODUCTS_DIR; };
		7BE5771219A4F40000EACE31 /* XCTest.framework */ = {isa = PBXFileReference; lastKnownFileType = wrapper.framework; name = XCTest.framework; path = Library/Frameworks/XCTest.framework; sourceTree = DEVELOPER_DIR; };
		7BE5771A19A4F40000EACE31 /* SaveTrackTests-Info.plist */ = {isa = PBXFileReference; lastKnownFileType = text.plist.xml; path = "SaveTrackTests-Info.plist"; sourceTree = "<group>"; };
		7BE5771C19A4F40000EACE31 /* en */ = {isa = PBXFileReference; lastKnownFileType = text.plist.strings; name = en; path = en.lproj/InfoPlist.strings; sourceTree = "<group>"; };
		7BE5771E19A4F40000EACE31 /* SaveTrackTests.m */ = {isa = PBXFileReference; lastKnownFileType = sourcecode.c.objc; path = SaveTrackTests.m; sourceTree = "<group>"; };
/* End PBXFileReference section */

/* Begin PBXFrameworksBuildPhase section */
		7BE576ED19A4F40000EACE31 /* Frameworks */ = {
			isa = PBXFrameworksBuildPhase;
			buildActionMask = 2147483647;
			files = (
				7BE576F619A4F40000EACE31 /* CoreGraphics.framework in Frameworks */,
				7BE576F819A4F40000EACE31 /* UIKit.framework in Frameworks */,
				7BE576F419A4F40000EACE31 /* Foundation.framework in Frameworks */,
			);
			runOnlyForDeploymentPostprocessing = 0;
		};
		7BE5770E19A4F40000EACE31 /* Frameworks */ = {
			isa = PBXFrameworksBuildPhase;
			buildActionMask = 2147483647;
			files = (
				7BE5771319A4F40000EACE31 /* XCTest.framework in Frameworks */,
				7BE5771519A4F40000EACE31 /* UIKit.framework in Frameworks */,
				7BE5771419A4F40000EACE31 /* Foundation.framework in Frameworks */,
			);
			runOnlyForDeploymentPostprocessing = 0;
		};
/* End PBXFrameworksBuildPhase section */

/* Begin PBXGroup section */
		7BE576E719A4F40000EACE31 = {
			isa = PBXGroup;
			children = (
				7BE576F919A4F40000EACE31 /* SaveTrack */,
				7BE5771819A4F40000EACE31 /* SaveTrackTests */,
				7BE576F219A4F40000EACE31 /* Frameworks */,
				7BE576F119A4F40000EACE31 /* Products */,
			);
			sourceTree = "<group>";
		};
		7BE576F119A4F40000EACE31 /* Products */ = {
			isa = PBXGroup;
			children = (
				7BE576F019A4F40000EACE31 /* SaveTrack.app */,
				7BE5771119A4F40000EACE31 /* SaveTrackTests.xctest */,
			);
			name = Products;
			sourceTree = "<group>";
		};
		7BE576F219A4F40000EACE31 /* Frameworks */ = {
			isa = PBXGroup;
			children = (
				7BE576F319A4F40000EACE31 /* Foundation.framework */,
				7BE576F519A4F40000EACE31 /* CoreGraphics.framework */,
				7BE576F719A4F40000EACE31 /* UIKit.framework */,
				7BE5771219A4F40000EACE31 /* XCTest.framework */,
			);
			name = Frameworks;
			sourceTree = "<group>";
		};
		7BE576F919A4F40000EACE31 /* SaveTrack */ = {
			isa = PBXGroup;
			children = (
				7BE5770219A4F40000EACE31 /* STAppDelegate.h */,
				7BE5770319A4F40000EACE31 /* STAppDelegate.m */,
				7BE5770519A4F40000EACE31 /* Main.storyboard */,
				7BE5770819A4F40000EACE31 /* STViewController.h */,
				7BE5770919A4F40000EACE31 /* STViewController.m */,
				7BE5770B19A4F40000EACE31 /* Images.xcassets */,
				7BE576FA19A4F40000EACE31 /* Supporting Files */,
			);
			path = SaveTrack;
			sourceTree = "<group>";
		};
		7BE576FA19A4F40000EACE31 /* Supporting Files */ = {
			isa = PBXGroup;
			children = (
				7BE576FB19A4F40000EACE31 /* SaveTrack-Info.plist */,
				7BE576FC19A4F40000EACE31 /* InfoPlist.strings */,
				7BE576FF19A4F40000EACE31 /* main.m */,
				7BE5770119A4F40000EACE31 /* SaveTrack-Prefix.pch */,
			);
			name = "Supporting Files";
			sourceTree = "<group>";
		};
		7BE5771819A4F40000EACE31 /* SaveTrackTests */ = {
			isa = PBXGroup;
			children = (
				7BE5771E19A4F40000EACE31 /* SaveTrackTests.m */,
				7BE5771919A4F40000EACE31 /* Supporting Files */,
			);
			path = SaveTrackTests;
			sourceTree = "<group>";
		};
		7BE5771919A4F40000EACE31 /* Supporting Files */ = {
			isa = PBXGroup;
			children = (
				7BE5771A19A4F40000EACE31 /* SaveTrackTests-Info.plist */,
				7BE5771B19A4F40000EACE31 /* InfoPlist.strings */,
			);
			name = "Supporting Files";
			sourceTree = "<group>";
		};
/* End PBXGroup section */

/* Begin PBXNativeTarget section */
		7BE576EF19A4F40000EACE31 /* SaveTrack */ = {
			isa = PBXNativeTarget;
			buildConfigurationList = 7BE5772219A4F40000EACE31 /* Build configuration list for PBXNativeTarget "SaveTrack" */;
			buildPhases = (
				7BE576EC19A4F40000EACE31 /* Sources */,
				7BE576ED19A4F40000EACE31 /* Frameworks */,
				7BE576EE19A4F40000EACE31 /* Resources */,
			);
			buildRules = (
			);
			dependencies = (
			);
			name = SaveTrack;
			productName = SaveTrack;
			productReference = 7BE576F019A4F40000EACE31 /* SaveTrack.app */;
			productType = "com.apple.product-type.application";
		};
		7BE5771019A4F40000EACE31 /* SaveTrackTests */ = {
			isa = PBXNativeTarget;
			buildConfigurationList = 7BE5772519A4F40000EACE31 /* Build configuration list for PBXNativeTarget "SaveTrackTests" */;
			buildPhases = (
				7BE5770D19A4F40000EACE31 /* Sources */,
				7BE5770E19A4F40000EACE31 /* Frameworks */,
				7BE5770F19A4F40000EACE31 /* Resources */,
			);
			buildRules = (
			);
			dependencies = (
				7BE5771719A4F40000EACE31 /* PBXTargetDependency */,
			);
			name = SaveTrackTests;
			productName = SaveTrackTests;
			productReference = 7BE5771119A4F40000EACE31 /* SaveTrackTests.xctest */;
			productType = "com.apple.product-type.bundle.unit-test";
		};
/* End PBXNativeTarget section */

/* Begin PBXProject section */
		7BE576E819A4F40000EACE31 /* Project object */ = {
			isa = PBXProject;
			attributes = {
				CLASSPREFIX = ST;
				LastUpgradeCheck = 0510;
				ORGANIZATIONNAME = "Jose Miranda";
				TargetAttributes = {
					7BE5771019A4F40000EACE31 = {
						TestTargetID = 7BE576EF19A4F40000EACE31;
					};
				};
			};
			buildConfigurationList = 7BE576EB19A4F40000EACE31 /* Build configuration list for PBXProject "SaveTrack" */;
			compatibilityVersion = "Xcode 3.2";
			developmentRegion = English;
			hasScannedForEncodings = 0;
			knownRegions = (
				en,
				Base,
			);
			mainGroup = 7BE576E719A4F40000EACE31;
			productRefGroup = 7BE576F119A4F40000EACE31 /* Products */;
			projectDirPath = "";
			projectRoot = "";
			targets = (
				7BE576EF19A4F40000EACE31 /* SaveTrack */,
				7BE5771019A4F40000EACE31 /* SaveTrackTests */,
			);
		};
/* End PBXProject section */

/* Begin PBXResourcesBuildPhase section */
		7BE576EE19A4F40000EACE31 /* Resources */ = {
			isa = PBXResourcesBuildPhase;
			buildActionMask = 2147483647;
			files = (
				7BE5770C19A4F40000EACE31 /* Images.xcassets in Resources */,
				7BE576FE19A4F40000EACE31 /* InfoPlist.strings in Resources */,
				7BE5770719A4F40000EACE31 /* Main.storyboard in Resources */,
			);
			runOnlyForDeploymentPostprocessing = 0;
		};
		7BE5770F19A4F40000EACE31 /* Resources */ = {
			isa = PBXResourcesBuildPhase;
			buildActionMask = 2147483647;
			files = (
				7BE5771D19A4F40000EACE31 /* InfoPlist.strings in Resources */,
			);
			runOnlyForDeploymentPostprocessing = 0;
		};
/* End PBXResourcesBuildPhase section */

/* Begin PBXSourcesBuildPhase section */
		7BE576EC19A4F40000EACE31 /* Sources */ = {
			isa = PBXSourcesBuildPhase;
			buildActionMask = 2147483647;
			files = (
				7BE5770A19A4F40000EACE31 /* STViewController.m in Sources */,
				7BE5770019A4F40000EACE31 /* main.m in Sources */,
				7BE5770419A4F40000EACE31 /* STAppDelegate.m in Sources */,
			);
			runOnlyForDeploymentPostprocessing = 0;
		};
		7BE5770D19A4F40000EACE31 /* Sources */ = {
			isa = PBXSourcesBuildPhase;
			buildActionMask = 2147483647;
			files = (
				7BE5771F19A4F40000EACE31 /* SaveTrackTests.m in Sources */,
			);
			runOnlyForDeploymentPostprocessing = 0;
		};
/* End PBXSourcesBuildPhase section */

/* Begin PBXTargetDependency section */
		7BE5771719A4F40000EACE31 /* PBXTargetDependency */ = {
			isa = PBXTargetDependency;
			target = 7BE576EF19A4F40000EACE31 /* SaveTrack */;
			targetProxy = 7BE5771619A4F40000EACE31 /* PBXContainerItemProxy */;
		};
/* End PBXTargetDependency section */

/* Begin PBXVariantGroup section */
		7BE576FC19A4F40000EACE31 /* InfoPlist.strings */ = {
			isa = PBXVariantGroup;
			children = (
				7BE576FD19A4F40000EACE31 /* en */,
			);
			name = InfoPlist.strings;
			sourceTree = "<group>";
		};
		7BE5770519A4F40000EACE31 /* Main.storyboard */ = {
			isa = PBXVariantGroup;
			children = (
				7BE5770619A4F40000EACE31 /* Base */,
			);
			name = Main.storyboard;
			sourceTree = "<group>";
		};
		7BE5771B19A4F40000EACE31 /* InfoPlist.strings */ = {
			isa = PBXVariantGroup;
			children = (
				7BE5771C19A4F40000EACE31 /* en */,
			);
			name = InfoPlist.strings;
			sourceTree = "<group>";
		};
/* End PBXVariantGroup section */

/* Begin XCBuildConfiguration section */
		7BE5772019A4F40000EACE31 /* Debug */ = {
			isa = XCBuildConfiguration;
			buildSettings = {
				ALWAYS_SEARCH_USER_PATHS = NO;
				CLANG_CXX_LANGUAGE_STANDARD = "gnu++0x";
				CLANG_CXX_LIBRARY = "libc++";
				CLANG_ENABLE_MODULES = YES;
				CLANG_ENABLE_OBJC_ARC = YES;
				CLANG_WARN_BOOL_CONVERSION = YES;
				CLANG_WARN_CONSTANT_CONVERSION = YES;
				CLANG_WARN_DIRECT_OBJC_ISA_USAGE = YES_ERROR;
				CLANG_WARN_EMPTY_BODY = YES;
				CLANG_WARN_ENUM_CONVERSION = YES;
				CLANG_WARN_INT_CONVERSION = YES;
				CLANG_WARN_OBJC_ROOT_CLASS = YES_ERROR;
				CLANG_WARN__DUPLICATE_METHOD_MATCH = YES;
				"CODE_SIGN_IDENTITY[sdk=iphoneos*]" = "iPhone Developer";
				COPY_PHASE_STRIP = NO;
				GCC_C_LANGUAGE_STANDARD = gnu99;
				GCC_DYNAMIC_NO_PIC = NO;
				GCC_OPTIMIZATION_LEVEL = 0;
				GCC_PREPROCESSOR_DEFINITIONS = (
					"DEBUG=1",
					"$(inherited)",
				);
				GCC_SYMBOLS_PRIVATE_EXTERN = NO;
				GCC_WARN_64_TO_32_BIT_CONVERSION = YES;
				GCC_WARN_ABOUT_RETURN_TYPE = YES_ERROR;
				GCC_WARN_UNDECLARED_SELECTOR = YES;
				GCC_WARN_UNINITIALIZED_AUTOS = YES_AGGRESSIVE;
				GCC_WARN_UNUSED_FUNCTION = YES;
				GCC_WARN_UNUSED_VARIABLE = YES;
				IPHONEOS_DEPLOYMENT_TARGET = 7.1;
				ONLY_ACTIVE_ARCH = YES;
				SDKROOT = iphoneos;
			};
			name = Debug;
		};
		7BE5772119A4F40000EACE31 /* Release */ = {
			isa = XCBuildConfiguration;
			buildSettings = {
				ALWAYS_SEARCH_USER_PATHS = NO;
				CLANG_CXX_LANGUAGE_STANDARD = "gnu++0x";
				CLANG_CXX_LIBRARY = "libc++";
				CLANG_ENABLE_MODULES = YES;
				CLANG_ENABLE_OBJC_ARC = YES;
				CLANG_WARN_BOOL_CONVERSION = YES;
				CLANG_WARN_CONSTANT_CONVERSION = YES;
				CLANG_WARN_DIRECT_OBJC_ISA_USAGE = YES_ERROR;
				CLANG_WARN_EMPTY_BODY = YES;
				CLANG_WARN_ENUM_CONVERSION = YES;
				CLANG_WARN_INT_CONVERSION = YES;
				CLANG_WARN_OBJC_ROOT_CLASS = YES_ERROR;
				CLANG_WARN__DUPLICATE_METHOD_MATCH = YES;
				"CODE_SIGN_IDENTITY[sdk=iphoneos*]" = "iPhone Developer";
				COPY_PHASE_STRIP = YES;
				ENABLE_NS_ASSERTIONS = NO;
				GCC_C_LANGUAGE_STANDARD = gnu99;
				GCC_WARN_64_TO_32_BIT_CONVERSION = YES;
				GCC_WARN_ABOUT_RETURN_TYPE = YES_ERROR;
				GCC_WARN_UNDECLARED_SELECTOR = YES;
				GCC_WARN_UNINITIALIZED_AUTOS = YES_AGGRESSIVE;
				GCC_WARN_UNUSED_FUNCTION = YES;
				GCC_WARN_UNUSED_VARIABLE = YES;
				IPHONEOS_DEPLOYMENT_TARGET = 7.1;
				SDKROOT = iphoneos;
				VALIDATE_PRODUCT = YES;
			};
			name = Release;
		};
		7BE5772319A4F40000EACE31 /* Debug */ = {
			isa = XCBuildConfiguration;
			buildSettings = {
				ASSETCATALOG_COMPILER_APPICON_NAME = AppIcon;
				ASSETCATALOG_COMPILER_LAUNCHIMAGE_NAME = LaunchImage;
				GCC_PRECOMPILE_PREFIX_HEADER = YES;
				GCC_PREFIX_HEADER = "SaveTrack/SaveTrack-Prefix.pch";
				INFOPLIST_FILE = "SaveTrack/SaveTrack-Info.plist";
				PRODUCT_NAME = "$(TARGET_NAME)";
				WRAPPER_EXTENSION = app;
			};
			name = Debug;
		};
		7BE5772419A4F40000EACE31 /* Release */ = {
			isa = XCBuildConfiguration;
			buildSettings = {
				ASSETCATALOG_COMPILER_APPICON_NAME = AppIcon;
				ASSETCATALOG_COMPILER_LAUNCHIMAGE_NAME = LaunchImage;
				GCC_PRECOMPILE_PREFIX_HEADER = YES;
				GCC_PREFIX_HEADER = "SaveTrack/SaveTrack-Prefix.pch";
				INFOPLIST_FILE = "SaveTrack/SaveTrack-Info.plist";
				PRODUCT_NAME = "$(TARGET_NAME)";
				WRAPPER_EXTENSION = app;
			};
			name = Release;
		};
		7BE5772619A4F40000EACE31 /* Debug */ = {
			isa = XCBuildConfiguration;
			buildSettings = {
				BUNDLE_LOADER = "$(BUILT_PRODUCTS_DIR)/SaveTrack.app/SaveTrack";
				FRAMEWORK_SEARCH_PATHS = (
					"$(SDKROOT)/Developer/Library/Frameworks",
					"$(inherited)",
					"$(DEVELOPER_FRAMEWORKS_DIR)",
				);
				GCC_PRECOMPILE_PREFIX_HEADER = YES;
				GCC_PREFIX_HEADER = "SaveTrack/SaveTrack-Prefix.pch";
				GCC_PREPROCESSOR_DEFINITIONS = (
					"DEBUG=1",
					"$(inherited)",
				);
				INFOPLIST_FILE = "SaveTrackTests/SaveTrackTests-Info.plist";
				PRODUCT_NAME = "$(TARGET_NAME)";
				TEST_HOST = "$(BUNDLE_LOADER)";
				WRAPPER_EXTENSION = xctest;
			};
			name = Debug;
		};
		7BE5772719A4F40000EACE31 /* Release */ = {
			isa = XCBuildConfiguration;
			buildSettings = {
				BUNDLE_LOADER = "$(BUILT_PRODUCTS_DIR)/SaveTrack.app/SaveTrack";
				FRAMEWORK_SEARCH_PATHS = (
					"$(SDKROOT)/Developer/Library/Frameworks",
					"$(inherited)",
					"$(DEVELOPER_FRAMEWORKS_DIR)",
				);
				GCC_PRECOMPILE_PREFIX_HEADER = YES;
				GCC_PREFIX_HEADER = "SaveTrack/SaveTrack-Prefix.pch";
				INFOPLIST_FILE = "SaveTrackTests/SaveTrackTests-Info.plist";
				PRODUCT_NAME = "$(TARGET_NAME)";
				TEST_HOST = "$(BUNDLE_LOADER)";
				WRAPPER_EXTENSION = xctest;
			};
			name = Release;
		};
/* End XCBuildConfiguration section */

/* Begin XCConfigurationList section */
		7BE576EB19A4F40000EACE31 /* Build configuration list for PBXProject "SaveTrack" */ = {
			isa = XCConfigurationList;
			buildConfigurations = (
				7BE5772019A4F40000EACE31 /* Debug */,
				7BE5772119A4F40000EACE31 /* Release */,
			);
			defaultConfigurationIsVisible = 0;
			defaultConfigurationName = Release;
		};
		7BE5772219A4F40000EACE31 /* Build configuration list for PBXNativeTarget "SaveTrack" */ = {
			isa = XCConfigurationList;
			buildConfigurations = (
				7BE5772319A4F40000EACE31 /* Debug */,
				7BE5772419A4F40000EACE31 /* Release */,
			);
			defaultConfigurationIsVisible = 0;
		};
		7BE5772519A4F40000EACE31 /* Build configuration list for PBXNativeTarget "SaveTrackTests" */ = {
			isa = XCConfigurationList;
			buildConfigurations = (
				7BE5772619A4F40000EACE31 /* Debug */,
				7BE5772719A4F40000EACE31 /* Release */,
			);
			defaultConfigurationIsVisible = 0;
		};
/* End XCConfigurationList section */
	};
	rootObject = 7BE576E819A4F40000EACE31 /* Project object */;
}
